
Microsoft Visual Studio Solution File, Format Version 12.00
# Visual Studio 16
Project("{FAE04EC0-301F-11D3-BF4B-00C04F79EFBC}") = "Assembly-CSharp", "Assembly-CSharp.csproj", "{22A5B16D-27C1-1E03-64BD-C2B72F562B06}"
EndProject
Project("{FAE04EC0-301F-11D3-BF4B-00C04F79EFBC}") = "Assembly-CSharp-Editor", "Assembly-CSharp-Editor.csproj", "{523D8B11-C198-4876-3318-0F8E88757069}"
EndProject
Global
	GlobalSection(SolutionConfigurationPlatforms) = preSolution
		Debug|Any CPU = Debug|Any CPU
		Release|Any CPU = Release|Any CPU
	EndGlobalSection
	GlobalSection(ProjectConfigurationPlatforms) = postSolution
		{22A5B16D-27C1-1E03-64BD-C2B72F562B06}.Debug|Any CPU.ActiveCfg = Debug|Any CPU
		{22A5B16D-27C1-1E03-64BD-C2B72F562B06}.Debug|Any CPU.Build.0 = Debug|Any CPU
		{22A5B16D-27C1-1E03-64BD-C2B72F562B06}.Release|Any CPU.ActiveCfg = Release|Any CPU
		{22A5B16D-27C1-1E03-64BD-C2B72F562B06}.Release|Any CPU.Build.0 = Release|Any CPU
		{523D8B11-C198-4876-3318-0F8E88757069}.Debug|Any CPU.ActiveCfg = Debug|Any CPU
		{523D8B11-C198-4876-3318-0F8E88757069}.Debug|Any CPU.Build.0 = Debug|Any CPU
		{523D8B11-C198-4876-3318-0F8E88757069}.Release|Any CPU.ActiveCfg = Release|Any CPU
		{523D8B11-C198-4876-3318-0F8E88757069}.Release|Any CPU.Build.0 = Release|Any CPU
	EndGlobalSection
	GlobalSection(SolutionProperties) = preSolution
		HideSolutionNode = FALSE
	EndGlobalSection
EndGlobal
